// !$*UTF8*$!
{
	archiveVersion = 1;
	classes = {
	};
	objectVersion = 46;
	objects = {

/* Begin PBXBuildFile section */
		BFE7E2291D47ECB20093A84D /* AppDelegate.swift in Sources */ = {isa = PBXBuildFile; fileRef = BFE7E2281D47ECB20093A84D /* AppDelegate.swift */; };
		BFE7E22B1D47ECB20093A84D /* ViewController.swift in Sources */ = {isa = PBXBuildFile; fileRef = BFE7E22A1D47ECB20093A84D /* ViewController.swift */; };
		BFE7E22E1D47ECB20093A84D /* Main.storyboard in Resources */ = {isa = PBXBuildFile; fileRef = BFE7E22C1D47ECB20093A84D /* Main.storyboard */; };
		BFE7E2301D47ECB20093A84D /* Assets.xcassets in Resources */ = {isa = PBXBuildFile; fileRef = BFE7E22F1D47ECB20093A84D /* Assets.xcassets */; };
		BFE7E2331D47ECB20093A84D /* LaunchScreen.storyboard in Resources */ = {isa = PBXBuildFile; fileRef = BFE7E2311D47ECB20093A84D /* LaunchScreen.storyboard */; };
/* End PBXBuildFile section */

/* Begin PBXFileReference section */
		BFE7E2251D47ECB20093A84D /* gitHubExample.app */ = {isa = PBXFileReference; explicitFileType = wrapper.application; includeInIndex = 0; path = gitHubExample.app; sourceTree = BUILT_PRODUCTS_DIR; };
		BFE7E2281D47ECB20093A84D /* AppDelegate.swift */ = {isa = PBXFileReference; lastKnownFileType = sourcecode.swift; path = AppDelegate.swift; sourceTree = "<group>"; };
		BFE7E22A1D47ECB20093A84D /* ViewController.swift */ = {isa = PBXFileReference; lastKnownFileType = sourcecode.swift; path = ViewController.swift; sourceTree = "<group>"; };
		BFE7E22D1D47ECB20093A84D /* Base */ = {isa = PBXFileReference; lastKnownFileType = file.storyboard; name = Base; path = Base.lproj/Main.storyboard; sourceTree = "<group>"; };
		BFE7E22F1D47ECB20093A84D /* Assets.xcassets */ = {isa = PBXFileReference; lastKnownFileType = folder.assetcatalog; path = Assets.xcassets; sourceTree = "<group>"; };
		BFE7E2321D47ECB20093A84D /* Base */ = {isa = PBXFileReference; lastKnownFileType = file.storyboard; name = Base; path = Base.lproj/LaunchScreen.storyboard; sourceTree = "<group>"; };
		BFE7E2341D47ECB20093A84D /* Info.plist */ = {isa = PBXFileReference; lastKnownFileType = text.plist.xml; path = Info.plist; sourceTree = "<group>"; };
/* End PBXFileReference section */

/* Begin PBXFrameworksBuildPhase section */
		BFE7E2221D47ECB20093A84D /* Frameworks */ = {
			isa = PBXFrameworksBuildPhase;
			buildActionMask = 2147483647;
			files = (
			);
			runOnlyForDeploymentPostprocessing = 0;
		};
/* End PBXFrameworksBuildPhase section */

/* Begin PBXGroup section */
		BFE7E21C1D47ECB20093A84D = {
			isa = PBXGroup;
			children = (
				BFE7E2271D47ECB20093A84D /* gitHubExample */,
				BFE7E2261D47ECB20093A84D /* Products */,
			);
			sourceTree = "<group>";
		};
		BFE7E2261D47ECB20093A84D /* Products */ = {
			isa = PBXGroup;
			children = (
				BFE7E2251D47ECB20093A84D /* gitHubExample.app */,
			);
			name = Products;
			sourceTree = "<group>";
		};
		BFE7E2271D47ECB20093A84D /* gitHubExample */ = {
			isa = PBXGroup;
			children = (
				BFE7E2281D47ECB20093A84D /* AppDelegate.swift */,
				BFE7E22A1D47ECB20093A84D /* ViewController.swift */,
				BFE7E22C1D47ECB20093A84D /* Main.storyboard */,
				BFE7E22F1D47ECB20093A84D /* Assets.xcassets */,
				BFE7E2311D47ECB20093A84D /* LaunchScreen.storyboard */,
				BFE7E2341D47ECB20093A84D /* Info.plist */,
			);
			path = gitHubExample;
			sourceTree = "<group>";
		};
/* End PBXGroup section */

/* Begin PBXNativeTarget section */
		BFE7E2241D47ECB20093A84D /* gitHubExample */ = {
			isa = PBXNativeTarget;
			buildConfigurationList = BFE7E2371D47ECB20093A84D /* Build configuration list for PBXNativeTarget "gitHubExample" */;
			buildPhases = (
				BFE7E2211D47ECB20093A84D /* Sources */,
				BFE7E2221D47ECB20093A84D /* Frameworks */,
				BFE7E2231D47ECB20093A84D /* Resources */,
			);
			buildRules = (
			);
			dependencies = (
			);
			name = gitHubExample;
			productName = gitHubExample;
			productReference = BFE7E2251D47ECB20093A84D /* gitHubExample.app */;
			productType = "com.apple.product-type.application";
		};
/* End PBXNativeTarget section */

/* Begin PBXProject section */
		BFE7E21D1D47ECB20093A84D /* Project object */ = {
			isa = PBXProject;
			attributes = {
				LastSwiftUpdateCheck = 0730;
				LastUpgradeCheck = 0730;
				ORGANIZATIONNAME = SVHS;
				TargetAttributes = {
					BFE7E2241D47ECB20093A84D = {
						CreatedOnToolsVersion = 7.3.1;
					};
				};
			};
			buildConfigurationList = BFE7E2201D47ECB20093A84D /* Build configuration list for PBXProject "gitHubExample" */;
			compatibilityVersion = "Xcode 3.2";
			developmentRegion = English;
			hasScannedForEncodings = 0;
			knownRegions = (
				en,
				Base,
			);
			mainGroup = BFE7E21C1D47ECB20093A84D;
			productRefGroup = BFE7E2261D47ECB20093A84D /* Products */;
			projectDirPath = "";
			projectRoot = "";
			targets = (
				BFE7E2241D47ECB20093A84D /* gitHubExample */,
			);
		};
/* End PBXProject section */

/* Begin PBXResourcesBuildPhase section */
		BFE7E2231D47ECB20093A84D /* Resources */ = {
			isa = PBXResourcesBuildPhase;
			buildActionMask = 2147483647;
			files = (
				BFE7E2331D47ECB20093A84D /* LaunchScreen.storyboard in Resources */,
				BFE7E2301D47ECB20093A84D /* Assets.xcassets in Resources */,
				BFE7E22E1D47ECB20093A84D /* Main.storyboard in Resources */,
			);
			runOnlyForDeploymentPostprocessing = 0;
		};
/* End PBXResourcesBuildPhase section */

/* Begin PBXSourcesBuildPhase section */
		BFE7E2211D47ECB20093A84D /* Sources */ = {
			isa = PBXSourcesBuildPhase;
			buildActionMask = 2147483647;
			files = (
				BFE7E22B1D47ECB20093A84D /* ViewController.swift in Sources */,
				BFE7E2291D47ECB20093A84D /* AppDelegate.swift in Sources */,
			);
			runOnlyForDeploymentPostprocessing = 0;
		};
/* End PBXSourcesBuildPhase section */

/* Begin PBXVariantGroup section */
		BFE7E22C1D47ECB20093A84D /* Main.storyboard */ = {
			isa = PBXVariantGroup;
			children = (
				BFE7E22D1D47ECB20093A84D /* Base */,
			);
			name = Main.storyboard;
			sourceTree = "<group>";
		};
		BFE7E2311D47ECB20093A84D /* LaunchScreen.storyboard */ = {
			isa = PBXVariantGroup;
			children = (
				BFE7E2321D47ECB20093A84D /* Base */,
			);
			name = LaunchScreen.storyboard;
			sourceTree = "<group>";
		};
/* End PBXVariantGroup section */

/* Begin XCBuildConfiguration section */
		BFE7E2351D47ECB20093A84D /* Debug */ = {
			isa = XCBuildConfiguration;
			buildSettings = {
				ALWAYS_SEARCH_USER_PATHS = NO;
				CLANG_ANALYZER_NONNULL = YES;
				CLANG_CXX_LANGUAGE_STANDARD = "gnu++0x";
				CLANG_CXX_LIBRARY = "libc++";
				CLANG_ENABLE_MODULES = YES;
				CLANG_ENABLE_OBJC_ARC = YES;
				CLANG_WARN_BOOL_CONVERSION = YES;
				CLANG_WARN_CONSTANT_CONVERSION = YES;
				CLANG_WARN_DIRECT_OBJC_ISA_USAGE = YES_ERROR;
				CLANG_WARN_EMPTY_BODY = YES;
				CLANG_WARN_ENUM_CONVERSION = YES;
				CLANG_WARN_INT_CONVERSION = YES;
				CLANG_WARN_OBJC_ROOT_CLASS = YES_ERROR;
				CLANG_WARN_UNREACHABLE_CODE = YES;
				CLANG_WARN__DUPLICATE_METHOD_MATCH = YES;
				"CODE_SIGN_IDENTITY[sdk=iphoneos*]" = "iPhone Developer";
				COPY_PHASE_STRIP = NO;
				DEBUG_INFORMATION_FORMAT = dwarf;
				ENABLE_STRICT_OBJC_MSGSEND = YES;
				ENABLE_TESTABILITY = YES;
				GCC_C_LANGUAGE_STANDARD = gnu99;
				GCC_DYNAMIC_NO_PIC = NO;
				GCC_NO_COMMON_BLOCKS = YES;
				GCC_OPTIMIZATION_LEVEL = 0;
				GCC_PREPROCESSOR_DEFINITIONS = (
					"DEBUG=1",
					"$(inherited)",
				);
				GCC_WARN_64_TO_32_BIT_CONVERSION = YES;
				GCC_WARN_ABOUT_RETURN_TYPE = YES_ERROR;
				GCC_WARN_UNDECLARED_SELECTOR = YES;
				GCC_WARN_UNINITIALIZED_AUTOS = YES_AGGRESSIVE;
				GCC_WARN_UNUSED_FUNCTION = YES;
				GCC_WARN_UNUSED_VARIABLE = YES;
				IPHONEOS_DEPLOYMENT_TARGET = 9.3;
				MTL_ENABLE_DEBUG_INFO = YES;
				ONLY_ACTIVE_ARCH = YES;
				SDKROOT = iphoneos;
				SWIFT_OPTIMIZATION_LEVEL = "-Onone";
				TARGETED_DEVICE_FAMILY = "1,2";
			};
			name = Debug;
		};
		BFE7E2361D47ECB20093A84D /* Release */ = {
			isa = XCBuildConfiguration;
			buildSettings = {
				ALWAYS_SEARCH_USER_PATHS = NO;
				CLANG_ANALYZER_NONNULL = YES;
				CLANG_CXX_LANGUAGE_STANDARD = "gnu++0x";
				CLANG_CXX_LIBRARY = "libc++";
				CLANG_ENABLE_MODULES = YES;
				CLANG_ENABLE_OBJC_ARC = YES;
				CLANG_WARN_BOOL_CONVERSION = YES;
				CLANG_WARN_CONSTANT_CONVERSION = YES;
				CLANG_WARN_DIRECT_OBJC_ISA_USAGE = YES_ERROR;
				CLANG_WARN_EMPTY_BODY = YES;
				CLANG_WARN_ENUM_CONVERSION = YES;
				CLANG_WARN_INT_CONVERSION = YES;
				CLANG_WARN_OBJC_ROOT_CLASS = YES_ERROR;
				CLANG_WARN_UNREACHABLE_CODE = YES;
				CLANG_WARN__DUPLICATE_METHOD_MATCH = YES;
				"CODE_SIGN_IDENTITY[sdk=iphoneos*]" = "iPhone Developer";
				COPY_PHASE_STRIP = NO;
				DEBUG_INFORMATION_FORMAT = "dwarf-with-dsym";
				ENABLE_NS_ASSERTIONS = NO;
				ENABLE_STRICT_OBJC_MSGSEND = YES;
				GCC_C_LANGUAGE_STANDARD = gnu99;
				GCC_NO_COMMON_BLOCKS = YES;
				GCC_WARN_64_TO_32_BIT_CONVERSION = YES;
				GCC_WARN_ABOUT_RETURN_TYPE = YES_ERROR;
				GCC_WARN_UNDECLARED_SELECTOR = YES;
				GCC_WARN_UNINITIALIZED_AUTOS = YES_AGGRESSIVE;
				GCC_WARN_UNUSED_FUNCTION = YES;
				GCC_WARN_UNUSED_VARIABLE = YES;
				IPHONEOS_DEPLOYMENT_TARGET = 9.3;
				MTL_ENABLE_DEBUG_INFO = NO;
				SDKROOT = iphoneos;
				TARGETED_DEVICE_FAMILY = "1,2";
				VALIDATE_PRODUCT = YES;
			};
			name = Release;
		};
		BFE7E2381D47ECB20093A84D /* Debug */ = {
			isa = XCBuildConfiguration;
			buildSettings = {
				ASSETCATALOG_COMPILER_APPICON_NAME = AppIcon;
				INFOPLIST_FILE = gitHubExample/Info.plist;
				LD_RUNPATH_SEARCH_PATHS = "$(inherited) @executable_path/Frameworks";
				PRODUCT_BUNDLE_IDENTIFIER = SVHS.gitHubExample;
				PRODUCT_NAME = "$(TARGET_NAME)";
			};
			name = Debug;
		};
		BFE7E2391D47ECB20093A84D /* Release */ = {
			isa = XCBuildConfiguration;
			buildSettings = {
				ASSETCATALOG_COMPILER_APPICON_NAME = AppIcon;
				INFOPLIST_FILE = gitHubExample/Info.plist;
				LD_RUNPATH_SEARCH_PATHS = "$(inherited) @executable_path/Frameworks";
				PRODUCT_BUNDLE_IDENTIFIER = SVHS.gitHubExample;
				PRODUCT_NAME = "$(TARGET_NAME)";
			};
			name = Release;
		};
/* End XCBuildConfiguration section */

/* Begin XCConfigurationList section */
		BFE7E2201D47ECB20093A84D /* Build configuration list for PBXProject "gitHubExample" */ = {
			isa = XCConfigurationList;
			buildConfigurations = (
				BFE7E2351D47ECB20093A84D /* Debug */,
				BFE7E2361D47ECB20093A84D /* Release */,
			);
			defaultConfigurationIsVisible = 0;
			defaultConfigurationName = Release;
		};
		BFE7E2371D47ECB20093A84D /* Build configuration list for PBXNativeTarget "gitHubExample" */ = {
			isa = XCConfigurationList;
			buildConfigurations = (
				BFE7E2381D47ECB20093A84D /* Debug */,
				BFE7E2391D47ECB20093A84D /* Release */,
			);
			defaultConfigurationIsVisible = 0;
		};
/* End XCConfigurationList section */
	};
	rootObject = BFE7E21D1D47ECB20093A84D /* Project object */;
}
